
Microsoft Visual Studio Solution File, Format Version 12.00
# Visual Studio 15
VisualStudioVersion = 15.0.28307.852
MinimumVisualStudioVersion = 10.0.40219.1
Project("{FAE04EC0-301F-11D3-BF4B-00C04F79EFBC}") = "GeometricWallpaper", "GeometricWallpaper\GeometricWallpaper.csproj", "{4A2051FE-B49C-469A-A307-9A3D74E38280}"
EndProject
Global
	GlobalSection(SolutionConfigurationPlatforms) = preSolution
		Debug|Any CPU = Debug|Any CPU
		Release|Any CPU = Release|Any CPU
	EndGlobalSection
	GlobalSection(ProjectConfigurationPlatforms) = postSolution
		{4A2051FE-B49C-469A-A307-9A3D74E38280}.Debug|Any CPU.ActiveCfg = Debug|Any CPU
		{4A2051FE-B49C-469A-A307-9A3D74E38280}.Debug|Any CPU.Build.0 = Debug|Any CPU
		{4A2051FE-B49C-469A-A307-9A3D74E38280}.Release|Any CPU.ActiveCfg = Release|Any CPU
		{4A2051FE-B49C-469A-A307-9A3D74E38280}.Release|Any CPU.Build.0 = Release|Any CPU
	EndGlobalSection
	GlobalSection(SolutionProperties) = preSolution
		HideSolutionNode = FALSE
	EndGlobalSection
	GlobalSection(ExtensibilityGlobals) = postSolution
		SolutionGuid = {675E32B0-4867-4D83-83E3-DC36759C72BA}
	EndGlobalSection
EndGlobal
